// !$*UTF8*$!
{
	archiveVersion = 1;
	classes = {
	};
	objectVersion = 55;
	objects = {

/* Begin PBXBuildFile section */
		F3410003289C52610033C689 /* TabBarModel.swift in Sources */ = {isa = PBXBuildFile; fileRef = F3410002289C52610033C689 /* TabBarModel.swift */; };
		F3410005289C52750033C689 /* TabBarConfigurator.swift in Sources */ = {isa = PBXBuildFile; fileRef = F3410004289C52750033C689 /* TabBarConfigurator.swift */; };
		F3410009289C56030033C689 /* ProfileViewController.swift in Sources */ = {isa = PBXBuildFile; fileRef = F3410008289C56030033C689 /* ProfileViewController.swift */; };
		F341000C289C563A0033C689 /* ProfilePresenter.swift in Sources */ = {isa = PBXBuildFile; fileRef = F341000B289C563A0033C689 /* ProfilePresenter.swift */; };
		F341000E289C56450033C689 /* ProfileModel.swift in Sources */ = {isa = PBXBuildFile; fileRef = F341000D289C56450033C689 /* ProfileModel.swift */; };
		F341FFEB289C4A940033C689 /* SearchViewController.swift in Sources */ = {isa = PBXBuildFile; fileRef = F341FFEA289C4A940033C689 /* SearchViewController.swift */; };
		F341FFEE289C4BEF0033C689 /* SearchPresenter.swift in Sources */ = {isa = PBXBuildFile; fileRef = F341FFED289C4BEF0033C689 /* SearchPresenter.swift */; };
		F341FFF0289C4BFA0033C689 /* SearchModel.swift in Sources */ = {isa = PBXBuildFile; fileRef = F341FFEF289C4BFA0033C689 /* SearchModel.swift */; };
		F341FFF2289C501D0033C689 /* MainPresenter.swift in Sources */ = {isa = PBXBuildFile; fileRef = F341FFF1289C501D0033C689 /* MainPresenter.swift */; };
		F341FFF4289C50280033C689 /* MainModel.swift in Sources */ = {isa = PBXBuildFile; fileRef = F341FFF3289C50280033C689 /* MainModel.swift */; };
		F341FFFA289C50D60033C689 /* FavoriteViewController.swift in Sources */ = {isa = PBXBuildFile; fileRef = F341FFF9289C50D60033C689 /* FavoriteViewController.swift */; };
		F341FFFC289C50F40033C689 /* FavoritePresenter.swift in Sources */ = {isa = PBXBuildFile; fileRef = F341FFFB289C50F40033C689 /* FavoritePresenter.swift */; };
		F341FFFE289C50FF0033C689 /* FavoriteModel.swift in Sources */ = {isa = PBXBuildFile; fileRef = F341FFFD289C50FF0033C689 /* FavoriteModel.swift */; };
		F37A8E73289D475B006CCF8D /* MainItemCollectionViewCell.swift in Sources */ = {isa = PBXBuildFile; fileRef = F37A8E71289D475B006CCF8D /* MainItemCollectionViewCell.swift */; };
		F37A8E74289D475B006CCF8D /* MainItemCollectionViewCell.xib in Resources */ = {isa = PBXBuildFile; fileRef = F37A8E72289D475B006CCF8D /* MainItemCollectionViewCell.xib */; };
		F3BB7FF028995B5B000E10FD /* AppDelegate.swift in Sources */ = {isa = PBXBuildFile; fileRef = F3BB7FEF28995B5B000E10FD /* AppDelegate.swift */; };
		F3BB7FF228995B5B000E10FD /* SceneDelegate.swift in Sources */ = {isa = PBXBuildFile; fileRef = F3BB7FF128995B5B000E10FD /* SceneDelegate.swift */; };
		F3BB7FF428995B5B000E10FD /* MainViewController.swift in Sources */ = {isa = PBXBuildFile; fileRef = F3BB7FF328995B5B000E10FD /* MainViewController.swift */; };
		F3BB7FF928995B5D000E10FD /* Assets.xcassets in Resources */ = {isa = PBXBuildFile; fileRef = F3BB7FF828995B5D000E10FD /* Assets.xcassets */; };
		F3BB7FFC28995B5D000E10FD /* LaunchScreen.storyboard in Resources */ = {isa = PBXBuildFile; fileRef = F3BB7FFA28995B5D000E10FD /* LaunchScreen.storyboard */; };
/* End PBXBuildFile section */

/* Begin PBXFileReference section */
		F3410002289C52610033C689 /* TabBarModel.swift */ = {isa = PBXFileReference; lastKnownFileType = sourcecode.swift; path = TabBarModel.swift; sourceTree = "<group>"; };
		F3410004289C52750033C689 /* TabBarConfigurator.swift */ = {isa = PBXFileReference; lastKnownFileType = sourcecode.swift; path = TabBarConfigurator.swift; sourceTree = "<group>"; };
		F3410008289C56030033C689 /* ProfileViewController.swift */ = {isa = PBXFileReference; lastKnownFileType = sourcecode.swift; path = ProfileViewController.swift; sourceTree = "<group>"; };
		F341000B289C563A0033C689 /* ProfilePresenter.swift */ = {isa = PBXFileReference; lastKnownFileType = sourcecode.swift; path = ProfilePresenter.swift; sourceTree = "<group>"; };
		F341000D289C56450033C689 /* ProfileModel.swift */ = {isa = PBXFileReference; lastKnownFileType = sourcecode.swift; path = ProfileModel.swift; sourceTree = "<group>"; };
		F341FFEA289C4A940033C689 /* SearchViewController.swift */ = {isa = PBXFileReference; lastKnownFileType = sourcecode.swift; path = SearchViewController.swift; sourceTree = "<group>"; };
		F341FFED289C4BEF0033C689 /* SearchPresenter.swift */ = {isa = PBXFileReference; lastKnownFileType = sourcecode.swift; path = SearchPresenter.swift; sourceTree = "<group>"; };
		F341FFEF289C4BFA0033C689 /* SearchModel.swift */ = {isa = PBXFileReference; lastKnownFileType = sourcecode.swift; path = SearchModel.swift; sourceTree = "<group>"; };
		F341FFF1289C501D0033C689 /* MainPresenter.swift */ = {isa = PBXFileReference; lastKnownFileType = sourcecode.swift; path = MainPresenter.swift; sourceTree = "<group>"; };
		F341FFF3289C50280033C689 /* MainModel.swift */ = {isa = PBXFileReference; lastKnownFileType = sourcecode.swift; path = MainModel.swift; sourceTree = "<group>"; };
		F341FFF9289C50D60033C689 /* FavoriteViewController.swift */ = {isa = PBXFileReference; lastKnownFileType = sourcecode.swift; path = FavoriteViewController.swift; sourceTree = "<group>"; };
		F341FFFB289C50F40033C689 /* FavoritePresenter.swift */ = {isa = PBXFileReference; lastKnownFileType = sourcecode.swift; path = FavoritePresenter.swift; sourceTree = "<group>"; };
		F341FFFD289C50FF0033C689 /* FavoriteModel.swift */ = {isa = PBXFileReference; lastKnownFileType = sourcecode.swift; path = FavoriteModel.swift; sourceTree = "<group>"; };
		F37A8E71289D475B006CCF8D /* MainItemCollectionViewCell.swift */ = {isa = PBXFileReference; lastKnownFileType = sourcecode.swift; path = MainItemCollectionViewCell.swift; sourceTree = "<group>"; };
		F37A8E72289D475B006CCF8D /* MainItemCollectionViewCell.xib */ = {isa = PBXFileReference; lastKnownFileType = file.xib; path = MainItemCollectionViewCell.xib; sourceTree = "<group>"; };
		F3BB7FEC28995B5B000E10FD /* SurfSummerSchoolProject.app */ = {isa = PBXFileReference; explicitFileType = wrapper.application; includeInIndex = 0; path = SurfSummerSchoolProject.app; sourceTree = BUILT_PRODUCTS_DIR; };
		F3BB7FEF28995B5B000E10FD /* AppDelegate.swift */ = {isa = PBXFileReference; lastKnownFileType = sourcecode.swift; path = AppDelegate.swift; sourceTree = "<group>"; };
		F3BB7FF128995B5B000E10FD /* SceneDelegate.swift */ = {isa = PBXFileReference; lastKnownFileType = sourcecode.swift; path = SceneDelegate.swift; sourceTree = "<group>"; };
		F3BB7FF328995B5B000E10FD /* MainViewController.swift */ = {isa = PBXFileReference; lastKnownFileType = sourcecode.swift; path = MainViewController.swift; sourceTree = "<group>"; };
		F3BB7FF828995B5D000E10FD /* Assets.xcassets */ = {isa = PBXFileReference; lastKnownFileType = folder.assetcatalog; path = Assets.xcassets; sourceTree = "<group>"; };
		F3BB7FFB28995B5D000E10FD /* Base */ = {isa = PBXFileReference; lastKnownFileType = file.storyboard; name = Base; path = Base.lproj/LaunchScreen.storyboard; sourceTree = "<group>"; };
		F3BB7FFD28995B5D000E10FD /* Info.plist */ = {isa = PBXFileReference; lastKnownFileType = text.plist.xml; path = Info.plist; sourceTree = "<group>"; };
/* End PBXFileReference section */

/* Begin PBXFrameworksBuildPhase section */
		F3BB7FE928995B5B000E10FD /* Frameworks */ = {
			isa = PBXFrameworksBuildPhase;
			buildActionMask = 2147483647;
			files = (
			);
			runOnlyForDeploymentPostprocessing = 0;
		};
/* End PBXFrameworksBuildPhase section */

/* Begin PBXGroup section */
		F341000A289C56060033C689 /* ProfileView */ = {
			isa = PBXGroup;
			children = (
				F3410008289C56030033C689 /* ProfileViewController.swift */,
				F341000B289C563A0033C689 /* ProfilePresenter.swift */,
				F341000D289C56450033C689 /* ProfileModel.swift */,
			);
			path = ProfileView;
			sourceTree = "<group>";
		};
		F341FFEC289C4AAA0033C689 /* SearchScreen */ = {
			isa = PBXGroup;
			children = (
				F341FFEA289C4A940033C689 /* SearchViewController.swift */,
				F341FFED289C4BEF0033C689 /* SearchPresenter.swift */,
				F341FFEF289C4BFA0033C689 /* SearchModel.swift */,
			);
			path = SearchScreen;
			sourceTree = "<group>";
		};
		F341FFF5289C50310033C689 /* MainView */ = {
			isa = PBXGroup;
			children = (
				F3BB7FF328995B5B000E10FD /* MainViewController.swift */,
				F341FFF1289C501D0033C689 /* MainPresenter.swift */,
				F341FFF3289C50280033C689 /* MainModel.swift */,
			);
			path = MainView;
			sourceTree = "<group>";
		};
		F341FFF6289C509A0033C689 /* FavoriteView */ = {
			isa = PBXGroup;
			children = (
				F341FFF9289C50D60033C689 /* FavoriteViewController.swift */,
				F341FFFB289C50F40033C689 /* FavoritePresenter.swift */,
				F341FFFD289C50FF0033C689 /* FavoriteModel.swift */,
			);
			path = FavoriteView;
			sourceTree = "<group>";
		};
		F341FFFF289C52180033C689 /* TabBar */ = {
			isa = PBXGroup;
			children = (
				F3410002289C52610033C689 /* TabBarModel.swift */,
				F3410004289C52750033C689 /* TabBarConfigurator.swift */,
			);
			path = TabBar;
			sourceTree = "<group>";
		};
		F37A8E70289D4723006CCF8D /* CollectionViewCell */ = {
			isa = PBXGroup;
			children = (
				F37A8E71289D475B006CCF8D /* MainItemCollectionViewCell.swift */,
				F37A8E72289D475B006CCF8D /* MainItemCollectionViewCell.xib */,
			);
			path = CollectionViewCell;
			sourceTree = "<group>";
		};
		F3BB7FE328995B5B000E10FD = {
			isa = PBXGroup;
			children = (
				F3BB7FEE28995B5B000E10FD /* SurfSummerSchoolProject */,
				F3BB7FED28995B5B000E10FD /* Products */,
			);
			sourceTree = "<group>";
		};
		F3BB7FED28995B5B000E10FD /* Products */ = {
			isa = PBXGroup;
			children = (
				F3BB7FEC28995B5B000E10FD /* SurfSummerSchoolProject.app */,
			);
			name = Products;
			sourceTree = "<group>";
		};
		F3BB7FEE28995B5B000E10FD /* SurfSummerSchoolProject */ = {
			isa = PBXGroup;
			children = (
				F3BB7FEF28995B5B000E10FD /* AppDelegate.swift */,
				F3BB7FF128995B5B000E10FD /* SceneDelegate.swift */,
				F341FFFF289C52180033C689 /* TabBar */,
				F341FFF5289C50310033C689 /* MainView */,
				F37A8E70289D4723006CCF8D /* CollectionViewCell */,
				F341FFF6289C509A0033C689 /* FavoriteView */,
				F341000A289C56060033C689 /* ProfileView */,
				F341FFEC289C4AAA0033C689 /* SearchScreen */,
				F3BB7FF828995B5D000E10FD /* Assets.xcassets */,
				F3BB7FFA28995B5D000E10FD /* LaunchScreen.storyboard */,
				F3BB7FFD28995B5D000E10FD /* Info.plist */,
			);
			path = SurfSummerSchoolProject;
			sourceTree = "<group>";
		};
/* End PBXGroup section */

/* Begin PBXNativeTarget section */
		F3BB7FEB28995B5B000E10FD /* SurfSummerSchoolProject */ = {
			isa = PBXNativeTarget;
			buildConfigurationList = F3BB800028995B5D000E10FD /* Build configuration list for PBXNativeTarget "SurfSummerSchoolProject" */;
			buildPhases = (
				F3BB7FE828995B5B000E10FD /* Sources */,
				F3BB7FE928995B5B000E10FD /* Frameworks */,
				F3BB7FEA28995B5B000E10FD /* Resources */,
			);
			buildRules = (
			);
			dependencies = (
			);
			name = SurfSummerSchoolProject;
			productName = SurfSummerSchoolProject;
			productReference = F3BB7FEC28995B5B000E10FD /* SurfSummerSchoolProject.app */;
			productType = "com.apple.product-type.application";
		};
/* End PBXNativeTarget section */

/* Begin PBXProject section */
		F3BB7FE428995B5B000E10FD /* Project object */ = {
			isa = PBXProject;
			attributes = {
				BuildIndependentTargetsInParallel = 1;
				LastSwiftUpdateCheck = 1320;
				LastUpgradeCheck = 1320;
				TargetAttributes = {
					F3BB7FEB28995B5B000E10FD = {
						CreatedOnToolsVersion = 13.2.1;
					};
				};
			};
			buildConfigurationList = F3BB7FE728995B5B000E10FD /* Build configuration list for PBXProject "SurfSummerSchoolProject" */;
			compatibilityVersion = "Xcode 13.0";
			developmentRegion = en;
			hasScannedForEncodings = 0;
			knownRegions = (
				en,
				Base,
			);
			mainGroup = F3BB7FE328995B5B000E10FD;
			productRefGroup = F3BB7FED28995B5B000E10FD /* Products */;
			projectDirPath = "";
			projectRoot = "";
			targets = (
				F3BB7FEB28995B5B000E10FD /* SurfSummerSchoolProject */,
			);
		};
/* End PBXProject section */

/* Begin PBXResourcesBuildPhase section */
		F3BB7FEA28995B5B000E10FD /* Resources */ = {
			isa = PBXResourcesBuildPhase;
			buildActionMask = 2147483647;
			files = (
				F37A8E74289D475B006CCF8D /* MainItemCollectionViewCell.xib in Resources */,
				F3BB7FFC28995B5D000E10FD /* LaunchScreen.storyboard in Resources */,
				F3BB7FF928995B5D000E10FD /* Assets.xcassets in Resources */,
			);
			runOnlyForDeploymentPostprocessing = 0;
		};
/* End PBXResourcesBuildPhase section */

/* Begin PBXSourcesBuildPhase section */
		F3BB7FE828995B5B000E10FD /* Sources */ = {
			isa = PBXSourcesBuildPhase;
			buildActionMask = 2147483647;
			files = (
				F341FFF4289C50280033C689 /* MainModel.swift in Sources */,
				F3BB7FF428995B5B000E10FD /* MainViewController.swift in Sources */,
				F341FFFC289C50F40033C689 /* FavoritePresenter.swift in Sources */,
				F3BB7FF028995B5B000E10FD /* AppDelegate.swift in Sources */,
				F3410009289C56030033C689 /* ProfileViewController.swift in Sources */,
				F3410005289C52750033C689 /* TabBarConfigurator.swift in Sources */,
				F341FFEE289C4BEF0033C689 /* SearchPresenter.swift in Sources */,
				F37A8E73289D475B006CCF8D /* MainItemCollectionViewCell.swift in Sources */,
				F341FFFA289C50D60033C689 /* FavoriteViewController.swift in Sources */,
				F341000C289C563A0033C689 /* ProfilePresenter.swift in Sources */,
				F341FFF0289C4BFA0033C689 /* SearchModel.swift in Sources */,
				F341FFEB289C4A940033C689 /* SearchViewController.swift in Sources */,
				F3410003289C52610033C689 /* TabBarModel.swift in Sources */,
				F341FFF2289C501D0033C689 /* MainPresenter.swift in Sources */,
				F341FFFE289C50FF0033C689 /* FavoriteModel.swift in Sources */,
				F3BB7FF228995B5B000E10FD /* SceneDelegate.swift in Sources */,
				F341000E289C56450033C689 /* ProfileModel.swift in Sources */,
			);
			runOnlyForDeploymentPostprocessing = 0;
		};
/* End PBXSourcesBuildPhase section */

/* Begin PBXVariantGroup section */
		F3BB7FFA28995B5D000E10FD /* LaunchScreen.storyboard */ = {
			isa = PBXVariantGroup;
			children = (
				F3BB7FFB28995B5D000E10FD /* Base */,
			);
			name = LaunchScreen.storyboard;
			sourceTree = "<group>";
		};
/* End PBXVariantGroup section */

/* Begin XCBuildConfiguration section */
		F3BB7FFE28995B5D000E10FD /* Debug */ = {
			isa = XCBuildConfiguration;
			buildSettings = {
				ALWAYS_SEARCH_USER_PATHS = NO;
				CLANG_ANALYZER_NONNULL = YES;
				CLANG_ANALYZER_NUMBER_OBJECT_CONVERSION = YES_AGGRESSIVE;
				CLANG_CXX_LANGUAGE_STANDARD = "gnu++17";
				CLANG_CXX_LIBRARY = "libc++";
				CLANG_ENABLE_MODULES = YES;
				CLANG_ENABLE_OBJC_ARC = YES;
				CLANG_ENABLE_OBJC_WEAK = YES;
				CLANG_WARN_BLOCK_CAPTURE_AUTORELEASING = YES;
				CLANG_WARN_BOOL_CONVERSION = YES;
				CLANG_WARN_COMMA = YES;
				CLANG_WARN_CONSTANT_CONVERSION = YES;
				CLANG_WARN_DEPRECATED_OBJC_IMPLEMENTATIONS = YES;
				CLANG_WARN_DIRECT_OBJC_ISA_USAGE = YES_ERROR;
				CLANG_WARN_DOCUMENTATION_COMMENTS = YES;
				CLANG_WARN_EMPTY_BODY = YES;
				CLANG_WARN_ENUM_CONVERSION = YES;
				CLANG_WARN_INFINITE_RECURSION = YES;
				CLANG_WARN_INT_CONVERSION = YES;
				CLANG_WARN_NON_LITERAL_NULL_CONVERSION = YES;
				CLANG_WARN_OBJC_IMPLICIT_RETAIN_SELF = YES;
				CLANG_WARN_OBJC_LITERAL_CONVERSION = YES;
				CLANG_WARN_OBJC_ROOT_CLASS = YES_ERROR;
				CLANG_WARN_QUOTED_INCLUDE_IN_FRAMEWORK_HEADER = YES;
				CLANG_WARN_RANGE_LOOP_ANALYSIS = YES;
				CLANG_WARN_STRICT_PROTOTYPES = YES;
				CLANG_WARN_SUSPICIOUS_MOVE = YES;
				CLANG_WARN_UNGUARDED_AVAILABILITY = YES_AGGRESSIVE;
				CLANG_WARN_UNREACHABLE_CODE = YES;
				CLANG_WARN__DUPLICATE_METHOD_MATCH = YES;
				COPY_PHASE_STRIP = NO;
				DEBUG_INFORMATION_FORMAT = dwarf;
				ENABLE_STRICT_OBJC_MSGSEND = YES;
				ENABLE_TESTABILITY = YES;
				GCC_C_LANGUAGE_STANDARD = gnu11;
				GCC_DYNAMIC_NO_PIC = NO;
				GCC_NO_COMMON_BLOCKS = YES;
				GCC_OPTIMIZATION_LEVEL = 0;
				GCC_PREPROCESSOR_DEFINITIONS = (
					"DEBUG=1",
					"$(inherited)",
				);
				GCC_WARN_64_TO_32_BIT_CONVERSION = YES;
				GCC_WARN_ABOUT_RETURN_TYPE = YES_ERROR;
				GCC_WARN_UNDECLARED_SELECTOR = YES;
				GCC_WARN_UNINITIALIZED_AUTOS = YES_AGGRESSIVE;
				GCC_WARN_UNUSED_FUNCTION = YES;
				GCC_WARN_UNUSED_VARIABLE = YES;
				IPHONEOS_DEPLOYMENT_TARGET = 15.2;
				MTL_ENABLE_DEBUG_INFO = INCLUDE_SOURCE;
				MTL_FAST_MATH = YES;
				ONLY_ACTIVE_ARCH = YES;
				SDKROOT = iphoneos;
				SWIFT_ACTIVE_COMPILATION_CONDITIONS = DEBUG;
				SWIFT_OPTIMIZATION_LEVEL = "-Onone";
			};
			name = Debug;
		};
		F3BB7FFF28995B5D000E10FD /* Release */ = {
			isa = XCBuildConfiguration;
			buildSettings = {
				ALWAYS_SEARCH_USER_PATHS = NO;
				CLANG_ANALYZER_NONNULL = YES;
				CLANG_ANALYZER_NUMBER_OBJECT_CONVERSION = YES_AGGRESSIVE;
				CLANG_CXX_LANGUAGE_STANDARD = "gnu++17";
				CLANG_CXX_LIBRARY = "libc++";
				CLANG_ENABLE_MODULES = YES;
				CLANG_ENABLE_OBJC_ARC = YES;
				CLANG_ENABLE_OBJC_WEAK = YES;
				CLANG_WARN_BLOCK_CAPTURE_AUTORELEASING = YES;
				CLANG_WARN_BOOL_CONVERSION = YES;
				CLANG_WARN_COMMA = YES;
				CLANG_WARN_CONSTANT_CONVERSION = YES;
				CLANG_WARN_DEPRECATED_OBJC_IMPLEMENTATIONS = YES;
				CLANG_WARN_DIRECT_OBJC_ISA_USAGE = YES_ERROR;
				CLANG_WARN_DOCUMENTATION_COMMENTS = YES;
				CLANG_WARN_EMPTY_BODY = YES;
				CLANG_WARN_ENUM_CONVERSION = YES;
				CLANG_WARN_INFINITE_RECURSION = YES;
				CLANG_WARN_INT_CONVERSION = YES;
				CLANG_WARN_NON_LITERAL_NULL_CONVERSION = YES;
				CLANG_WARN_OBJC_IMPLICIT_RETAIN_SELF = YES;
				CLANG_WARN_OBJC_LITERAL_CONVERSION = YES;
				CLANG_WARN_OBJC_ROOT_CLASS = YES_ERROR;
				CLANG_WARN_QUOTED_INCLUDE_IN_FRAMEWORK_HEADER = YES;
				CLANG_WARN_RANGE_LOOP_ANALYSIS = YES;
				CLANG_WARN_STRICT_PROTOTYPES = YES;
				CLANG_WARN_SUSPICIOUS_MOVE = YES;
				CLANG_WARN_UNGUARDED_AVAILABILITY = YES_AGGRESSIVE;
				CLANG_WARN_UNREACHABLE_CODE = YES;
				CLANG_WARN__DUPLICATE_METHOD_MATCH = YES;
				COPY_PHASE_STRIP = NO;
				DEBUG_INFORMATION_FORMAT = "dwarf-with-dsym";
				ENABLE_NS_ASSERTIONS = NO;
				ENABLE_STRICT_OBJC_MSGSEND = YES;
				GCC_C_LANGUAGE_STANDARD = gnu11;
				GCC_NO_COMMON_BLOCKS = YES;
				GCC_WARN_64_TO_32_BIT_CONVERSION = YES;
				GCC_WARN_ABOUT_RETURN_TYPE = YES_ERROR;
				GCC_WARN_UNDECLARED_SELECTOR = YES;
				GCC_WARN_UNINITIALIZED_AUTOS = YES_AGGRESSIVE;
				GCC_WARN_UNUSED_FUNCTION = YES;
				GCC_WARN_UNUSED_VARIABLE = YES;
				IPHONEOS_DEPLOYMENT_TARGET = 15.2;
				MTL_ENABLE_DEBUG_INFO = NO;
				MTL_FAST_MATH = YES;
				SDKROOT = iphoneos;
				SWIFT_COMPILATION_MODE = wholemodule;
				SWIFT_OPTIMIZATION_LEVEL = "-O";
				VALIDATE_PRODUCT = YES;
			};
			name = Release;
		};
		F3BB800128995B5D000E10FD /* Debug */ = {
			isa = XCBuildConfiguration;
			buildSettings = {
				ASSETCATALOG_COMPILER_APPICON_NAME = AppIcon;
				ASSETCATALOG_COMPILER_GLOBAL_ACCENT_COLOR_NAME = AccentColor;
				CODE_SIGN_STYLE = Automatic;
				CURRENT_PROJECT_VERSION = 1;
				DEVELOPMENT_TEAM = RBRFGT8CHB;
				GENERATE_INFOPLIST_FILE = YES;
				INFOPLIST_FILE = SurfSummerSchoolProject/Info.plist;
				INFOPLIST_KEY_UIApplicationSupportsIndirectInputEvents = YES;
				INFOPLIST_KEY_UILaunchStoryboardName = LaunchScreen;
				INFOPLIST_KEY_UISupportedInterfaceOrientations_iPad = "UIInterfaceOrientationPortrait UIInterfaceOrientationPortraitUpsideDown UIInterfaceOrientationLandscapeLeft UIInterfaceOrientationLandscapeRight";
				INFOPLIST_KEY_UISupportedInterfaceOrientations_iPhone = "UIInterfaceOrientationPortrait UIInterfaceOrientationLandscapeLeft UIInterfaceOrientationLandscapeRight";
				LD_RUNPATH_SEARCH_PATHS = (
					"$(inherited)",
					"@executable_path/Frameworks",
				);
				MARKETING_VERSION = 1.0;
				PRODUCT_BUNDLE_IDENTIFIER = Daniil.SurfSummerSchoolProject;
				PRODUCT_NAME = "$(TARGET_NAME)";
				SWIFT_EMIT_LOC_STRINGS = YES;
				SWIFT_VERSION = 5.0;
				TARGETED_DEVICE_FAMILY = "1,2";
			};
			name = Debug;
		};
		F3BB800228995B5D000E10FD /* Release */ = {
			isa = XCBuildConfiguration;
			buildSettings = {
				ASSETCATALOG_COMPILER_APPICON_NAME = AppIcon;
				ASSETCATALOG_COMPILER_GLOBAL_ACCENT_COLOR_NAME = AccentColor;
				CODE_SIGN_STYLE = Automatic;
				CURRENT_PROJECT_VERSION = 1;
				DEVELOPMENT_TEAM = RBRFGT8CHB;
				GENERATE_INFOPLIST_FILE = YES;
				INFOPLIST_FILE = SurfSummerSchoolProject/Info.plist;
				INFOPLIST_KEY_UIApplicationSupportsIndirectInputEvents = YES;
				INFOPLIST_KEY_UILaunchStoryboardName = LaunchScreen;
				INFOPLIST_KEY_UISupportedInterfaceOrientations_iPad = "UIInterfaceOrientationPortrait UIInterfaceOrientationPortraitUpsideDown UIInterfaceOrientationLandscapeLeft UIInterfaceOrientationLandscapeRight";
				INFOPLIST_KEY_UISupportedInterfaceOrientations_iPhone = "UIInterfaceOrientationPortrait UIInterfaceOrientationLandscapeLeft UIInterfaceOrientationLandscapeRight";
				LD_RUNPATH_SEARCH_PATHS = (
					"$(inherited)",
					"@executable_path/Frameworks",
				);
				MARKETING_VERSION = 1.0;
				PRODUCT_BUNDLE_IDENTIFIER = Daniil.SurfSummerSchoolProject;
				PRODUCT_NAME = "$(TARGET_NAME)";
				SWIFT_EMIT_LOC_STRINGS = YES;
				SWIFT_VERSION = 5.0;
				TARGETED_DEVICE_FAMILY = "1,2";
			};
			name = Release;
		};
/* End XCBuildConfiguration section */

/* Begin XCConfigurationList section */
		F3BB7FE728995B5B000E10FD /* Build configuration list for PBXProject "SurfSummerSchoolProject" */ = {
			isa = XCConfigurationList;
			buildConfigurations = (
				F3BB7FFE28995B5D000E10FD /* Debug */,
				F3BB7FFF28995B5D000E10FD /* Release */,
			);
			defaultConfigurationIsVisible = 0;
			defaultConfigurationName = Release;
		};
		F3BB800028995B5D000E10FD /* Build configuration list for PBXNativeTarget "SurfSummerSchoolProject" */ = {
			isa = XCConfigurationList;
			buildConfigurations = (
				F3BB800128995B5D000E10FD /* Debug */,
				F3BB800228995B5D000E10FD /* Release */,
			);
			defaultConfigurationIsVisible = 0;
			defaultConfigurationName = Release;
		};
/* End XCConfigurationList section */
	};
	rootObject = F3BB7FE428995B5B000E10FD /* Project object */;
}
